
Microsoft Visual Studio Solution File, Format Version 12.00
# Visual Studio Version 16
VisualStudioVersion = 16.0.30114.105
MinimumVisualStudioVersion = 10.0.40219.1
Project("{FAE04EC0-301F-11D3-BF4B-00C04F79EFBC}") = "Runner", "Runner\Runner.csproj", "{E6DCEAE9-A4B2-4DA8-AED8-A11C5C50135E}"
EndProject
Project("{2150E333-8FDC-42A3-9474-1A3956D46DE8}") = "Utility", "Utility", "{45866E74-1112-4BC9-A567-F22586381A79}"
EndProject
Project("{FAE04EC0-301F-11D3-BF4B-00C04F79EFBC}") = "Utility", "Utility\src\Utility.csproj", "{01A64BBB-CEB1-4620-AC7B-7CC7E5067E39}"
EndProject
Project("{FAE04EC0-301F-11D3-BF4B-00C04F79EFBC}") = "Utility.Test", "Utility\test\Utility.Test.csproj", "{6528417D-950B-42E1-89AE-B1443638B067}"
EndProject
Project("{2150E333-8FDC-42A3-9474-1A3956D46DE8}") = "Day01", "Day01", "{E9986A38-E713-4E01-91B1-FAE8434BAC02}"
EndProject
Project("{FAE04EC0-301F-11D3-BF4B-00C04F79EFBC}") = "Day01", "Day01\src\Day01.csproj", "{841DA5B0-9D3B-429D-8BE7-C68673254639}"
EndProject
Project("{FAE04EC0-301F-11D3-BF4B-00C04F79EFBC}") = "Day01.Test", "Day01\test\Day01.Test.csproj", "{14CCC1AD-9F2C-48D1-BE11-DADC45C0E84E}"
EndProject
Project("{2150E333-8FDC-42A3-9474-1A3956D46DE8}") = "Day02", "Day02", "{26661D42-CD6B-473D-B714-75328EF8BD88}"
EndProject
Project("{FAE04EC0-301F-11D3-BF4B-00C04F79EFBC}") = "Day02", "Day02\src\Day02.csproj", "{2D3D0682-3959-4699-B0EA-F6E9805D9491}"
EndProject
Project("{FAE04EC0-301F-11D3-BF4B-00C04F79EFBC}") = "Day02.Test", "Day02\test\Day02.Test.csproj", "{47F28E95-C931-4200-AB49-A5B58DBEC02B}"
EndProject
Project("{2150E333-8FDC-42A3-9474-1A3956D46DE8}") = "Day03", "Day03", "{97B94931-2D82-4240-8D2F-D3AA31B08B90}"
EndProject
Project("{FAE04EC0-301F-11D3-BF4B-00C04F79EFBC}") = "Day03", "Day03\src\Day03.csproj", "{29BC9562-B590-40B0-A9B5-97E80962150E}"
EndProject
Project("{FAE04EC0-301F-11D3-BF4B-00C04F79EFBC}") = "Day03.Test", "Day03\test\Day03.Test.csproj", "{A80A4BDD-C26B-4210-8A4D-155DE91D015A}"
EndProject
Project("{2150E333-8FDC-42A3-9474-1A3956D46DE8}") = "Day04", "Day04", "{FB743B2F-B80E-4777-B372-E1AFAA66A480}"
EndProject
Project("{FAE04EC0-301F-11D3-BF4B-00C04F79EFBC}") = "Day04", "Day04\src\Day04.csproj", "{DADA5A3F-0B3C-45BB-BBBC-78C6716BF956}"
EndProject
Project("{FAE04EC0-301F-11D3-BF4B-00C04F79EFBC}") = "Day04.Test", "Day04\test\Day04.Test.csproj", "{5994D945-31AF-46A7-815C-EA66F065D1A4}"
EndProject
Project("{2150E333-8FDC-42A3-9474-1A3956D46DE8}") = "Day05", "Day05", "{563F33EF-676A-4D90-AE30-4E0D1058452A}"
EndProject
Project("{FAE04EC0-301F-11D3-BF4B-00C04F79EFBC}") = "Day05", "Day05\src\Day05.csproj", "{68C53AC0-E586-41F9-B149-E8D525A9254F}"
EndProject
Project("{FAE04EC0-301F-11D3-BF4B-00C04F79EFBC}") = "Day05.Test", "Day05\test\Day05.Test.csproj", "{1C25A958-3DDD-4BFF-AD4A-9D2D7DFE52FC}"
EndProject
Project("{2150E333-8FDC-42A3-9474-1A3956D46DE8}") = "Day06", "Day06", "{5D7CE24F-85EA-4E64-832F-5CD54145EED8}"
EndProject
Project("{FAE04EC0-301F-11D3-BF4B-00C04F79EFBC}") = "Day06", "Day06\src\Day06.csproj", "{F51288DD-338B-4228-BE27-B9F165BC6AC6}"
EndProject
Project("{FAE04EC0-301F-11D3-BF4B-00C04F79EFBC}") = "Day06.Test", "Day06\test\Day06.Test.csproj", "{1549B98E-A9DE-4675-B9BC-6150DE0B2683}"
EndProject
Project("{2150E333-8FDC-42A3-9474-1A3956D46DE8}") = "Day07", "Day07", "{A8C8E641-1D7F-4C10-9FC9-88F3CAC3216E}"
EndProject
Project("{FAE04EC0-301F-11D3-BF4B-00C04F79EFBC}") = "Day07", "Day07\src\Day07.csproj", "{F97AAF7B-2F2A-49D1-9E95-22ECBBD9DE90}"
EndProject
Project("{FAE04EC0-301F-11D3-BF4B-00C04F79EFBC}") = "Day07.Test", "Day07\test\Day07.Test.csproj", "{58699A4D-414B-4C5A-81FA-2257FE19175F}"
EndProject
Project("{2150E333-8FDC-42A3-9474-1A3956D46DE8}") = "Day08", "Day08", "{B60B96D4-8F63-45FD-91FE-6179C30614F2}"
EndProject
Project("{FAE04EC0-301F-11D3-BF4B-00C04F79EFBC}") = "Day08", "Day08\src\Day08.csproj", "{165AD629-F472-49B1-BAA4-BEBA192C7C2A}"
EndProject
Project("{FAE04EC0-301F-11D3-BF4B-00C04F79EFBC}") = "Day08.Test", "Day08\test\Day08.Test.csproj", "{FEE5AD2B-FDE3-481E-99CE-6E38C3B9DAB4}"
EndProject
Global
	GlobalSection(SolutionConfigurationPlatforms) = preSolution
		Debug|Any CPU = Debug|Any CPU
		Release|Any CPU = Release|Any CPU
	EndGlobalSection
	GlobalSection(SolutionProperties) = preSolution
		HideSolutionNode = FALSE
	EndGlobalSection
	GlobalSection(ProjectConfigurationPlatforms) = postSolution
		{E6DCEAE9-A4B2-4DA8-AED8-A11C5C50135E}.Debug|Any CPU.ActiveCfg = Debug|Any CPU
		{E6DCEAE9-A4B2-4DA8-AED8-A11C5C50135E}.Debug|Any CPU.Build.0 = Debug|Any CPU
		{E6DCEAE9-A4B2-4DA8-AED8-A11C5C50135E}.Release|Any CPU.ActiveCfg = Release|Any CPU
		{E6DCEAE9-A4B2-4DA8-AED8-A11C5C50135E}.Release|Any CPU.Build.0 = Release|Any CPU
		{01A64BBB-CEB1-4620-AC7B-7CC7E5067E39}.Debug|Any CPU.ActiveCfg = Debug|Any CPU
		{01A64BBB-CEB1-4620-AC7B-7CC7E5067E39}.Debug|Any CPU.Build.0 = Debug|Any CPU
		{01A64BBB-CEB1-4620-AC7B-7CC7E5067E39}.Release|Any CPU.ActiveCfg = Release|Any CPU
		{01A64BBB-CEB1-4620-AC7B-7CC7E5067E39}.Release|Any CPU.Build.0 = Release|Any CPU
		{6528417D-950B-42E1-89AE-B1443638B067}.Debug|Any CPU.ActiveCfg = Debug|Any CPU
		{6528417D-950B-42E1-89AE-B1443638B067}.Debug|Any CPU.Build.0 = Debug|Any CPU
		{6528417D-950B-42E1-89AE-B1443638B067}.Release|Any CPU.ActiveCfg = Release|Any CPU
		{6528417D-950B-42E1-89AE-B1443638B067}.Release|Any CPU.Build.0 = Release|Any CPU
		{841DA5B0-9D3B-429D-8BE7-C68673254639}.Debug|Any CPU.ActiveCfg = Debug|Any CPU
		{841DA5B0-9D3B-429D-8BE7-C68673254639}.Debug|Any CPU.Build.0 = Debug|Any CPU
		{841DA5B0-9D3B-429D-8BE7-C68673254639}.Release|Any CPU.ActiveCfg = Release|Any CPU
		{841DA5B0-9D3B-429D-8BE7-C68673254639}.Release|Any CPU.Build.0 = Release|Any CPU
		{14CCC1AD-9F2C-48D1-BE11-DADC45C0E84E}.Debug|Any CPU.ActiveCfg = Debug|Any CPU
		{14CCC1AD-9F2C-48D1-BE11-DADC45C0E84E}.Debug|Any CPU.Build.0 = Debug|Any CPU
		{14CCC1AD-9F2C-48D1-BE11-DADC45C0E84E}.Release|Any CPU.ActiveCfg = Release|Any CPU
		{14CCC1AD-9F2C-48D1-BE11-DADC45C0E84E}.Release|Any CPU.Build.0 = Release|Any CPU
		{2D3D0682-3959-4699-B0EA-F6E9805D9491}.Debug|Any CPU.ActiveCfg = Debug|Any CPU
		{2D3D0682-3959-4699-B0EA-F6E9805D9491}.Debug|Any CPU.Build.0 = Debug|Any CPU
		{2D3D0682-3959-4699-B0EA-F6E9805D9491}.Release|Any CPU.ActiveCfg = Release|Any CPU
		{2D3D0682-3959-4699-B0EA-F6E9805D9491}.Release|Any CPU.Build.0 = Release|Any CPU
		{47F28E95-C931-4200-AB49-A5B58DBEC02B}.Debug|Any CPU.ActiveCfg = Debug|Any CPU
		{47F28E95-C931-4200-AB49-A5B58DBEC02B}.Debug|Any CPU.Build.0 = Debug|Any CPU
		{47F28E95-C931-4200-AB49-A5B58DBEC02B}.Release|Any CPU.ActiveCfg = Release|Any CPU
		{47F28E95-C931-4200-AB49-A5B58DBEC02B}.Release|Any CPU.Build.0 = Release|Any CPU
		{29BC9562-B590-40B0-A9B5-97E80962150E}.Debug|Any CPU.ActiveCfg = Debug|Any CPU
		{29BC9562-B590-40B0-A9B5-97E80962150E}.Debug|Any CPU.Build.0 = Debug|Any CPU
		{29BC9562-B590-40B0-A9B5-97E80962150E}.Release|Any CPU.ActiveCfg = Release|Any CPU
		{29BC9562-B590-40B0-A9B5-97E80962150E}.Release|Any CPU.Build.0 = Release|Any CPU
		{A80A4BDD-C26B-4210-8A4D-155DE91D015A}.Debug|Any CPU.ActiveCfg = Debug|Any CPU
		{A80A4BDD-C26B-4210-8A4D-155DE91D015A}.Debug|Any CPU.Build.0 = Debug|Any CPU
		{A80A4BDD-C26B-4210-8A4D-155DE91D015A}.Release|Any CPU.ActiveCfg = Release|Any CPU
		{A80A4BDD-C26B-4210-8A4D-155DE91D015A}.Release|Any CPU.Build.0 = Release|Any CPU
		{DADA5A3F-0B3C-45BB-BBBC-78C6716BF956}.Debug|Any CPU.ActiveCfg = Debug|Any CPU
		{DADA5A3F-0B3C-45BB-BBBC-78C6716BF956}.Debug|Any CPU.Build.0 = Debug|Any CPU
		{DADA5A3F-0B3C-45BB-BBBC-78C6716BF956}.Release|Any CPU.ActiveCfg = Release|Any CPU
		{DADA5A3F-0B3C-45BB-BBBC-78C6716BF956}.Release|Any CPU.Build.0 = Release|Any CPU
		{5994D945-31AF-46A7-815C-EA66F065D1A4}.Debug|Any CPU.ActiveCfg = Debug|Any CPU
		{5994D945-31AF-46A7-815C-EA66F065D1A4}.Debug|Any CPU.Build.0 = Debug|Any CPU
		{5994D945-31AF-46A7-815C-EA66F065D1A4}.Release|Any CPU.ActiveCfg = Release|Any CPU
		{5994D945-31AF-46A7-815C-EA66F065D1A4}.Release|Any CPU.Build.0 = Release|Any CPU
		{68C53AC0-E586-41F9-B149-E8D525A9254F}.Debug|Any CPU.ActiveCfg = Debug|Any CPU
		{68C53AC0-E586-41F9-B149-E8D525A9254F}.Debug|Any CPU.Build.0 = Debug|Any CPU
		{68C53AC0-E586-41F9-B149-E8D525A9254F}.Release|Any CPU.ActiveCfg = Release|Any CPU
		{68C53AC0-E586-41F9-B149-E8D525A9254F}.Release|Any CPU.Build.0 = Release|Any CPU
		{1C25A958-3DDD-4BFF-AD4A-9D2D7DFE52FC}.Debug|Any CPU.ActiveCfg = Debug|Any CPU
		{1C25A958-3DDD-4BFF-AD4A-9D2D7DFE52FC}.Debug|Any CPU.Build.0 = Debug|Any CPU
		{1C25A958-3DDD-4BFF-AD4A-9D2D7DFE52FC}.Release|Any CPU.ActiveCfg = Release|Any CPU
		{1C25A958-3DDD-4BFF-AD4A-9D2D7DFE52FC}.Release|Any CPU.Build.0 = Release|Any CPU
		{F51288DD-338B-4228-BE27-B9F165BC6AC6}.Debug|Any CPU.ActiveCfg = Debug|Any CPU
		{F51288DD-338B-4228-BE27-B9F165BC6AC6}.Debug|Any CPU.Build.0 = Debug|Any CPU
		{F51288DD-338B-4228-BE27-B9F165BC6AC6}.Release|Any CPU.ActiveCfg = Release|Any CPU
		{F51288DD-338B-4228-BE27-B9F165BC6AC6}.Release|Any CPU.Build.0 = Release|Any CPU
		{1549B98E-A9DE-4675-B9BC-6150DE0B2683}.Debug|Any CPU.ActiveCfg = Debug|Any CPU
		{1549B98E-A9DE-4675-B9BC-6150DE0B2683}.Debug|Any CPU.Build.0 = Debug|Any CPU
		{1549B98E-A9DE-4675-B9BC-6150DE0B2683}.Release|Any CPU.ActiveCfg = Release|Any CPU
		{1549B98E-A9DE-4675-B9BC-6150DE0B2683}.Release|Any CPU.Build.0 = Release|Any CPU
		{F97AAF7B-2F2A-49D1-9E95-22ECBBD9DE90}.Debug|Any CPU.ActiveCfg = Debug|Any CPU
		{F97AAF7B-2F2A-49D1-9E95-22ECBBD9DE90}.Debug|Any CPU.Build.0 = Debug|Any CPU
		{F97AAF7B-2F2A-49D1-9E95-22ECBBD9DE90}.Release|Any CPU.ActiveCfg = Release|Any CPU
		{F97AAF7B-2F2A-49D1-9E95-22ECBBD9DE90}.Release|Any CPU.Build.0 = Release|Any CPU
		{58699A4D-414B-4C5A-81FA-2257FE19175F}.Debug|Any CPU.ActiveCfg = Debug|Any CPU
		{58699A4D-414B-4C5A-81FA-2257FE19175F}.Debug|Any CPU.Build.0 = Debug|Any CPU
		{58699A4D-414B-4C5A-81FA-2257FE19175F}.Release|Any CPU.ActiveCfg = Release|Any CPU
		{58699A4D-414B-4C5A-81FA-2257FE19175F}.Release|Any CPU.Build.0 = Release|Any CPU
		{165AD629-F472-49B1-BAA4-BEBA192C7C2A}.Debug|Any CPU.ActiveCfg = Debug|Any CPU
		{165AD629-F472-49B1-BAA4-BEBA192C7C2A}.Debug|Any CPU.Build.0 = Debug|Any CPU
		{165AD629-F472-49B1-BAA4-BEBA192C7C2A}.Release|Any CPU.ActiveCfg = Release|Any CPU
		{165AD629-F472-49B1-BAA4-BEBA192C7C2A}.Release|Any CPU.Build.0 = Release|Any CPU
		{FEE5AD2B-FDE3-481E-99CE-6E38C3B9DAB4}.Debug|Any CPU.ActiveCfg = Debug|Any CPU
		{FEE5AD2B-FDE3-481E-99CE-6E38C3B9DAB4}.Debug|Any CPU.Build.0 = Debug|Any CPU
		{FEE5AD2B-FDE3-481E-99CE-6E38C3B9DAB4}.Release|Any CPU.ActiveCfg = Release|Any CPU
		{FEE5AD2B-FDE3-481E-99CE-6E38C3B9DAB4}.Release|Any CPU.Build.0 = Release|Any CPU
	EndGlobalSection
	GlobalSection(NestedProjects) = preSolution
		{01A64BBB-CEB1-4620-AC7B-7CC7E5067E39} = {45866E74-1112-4BC9-A567-F22586381A79}
		{6528417D-950B-42E1-89AE-B1443638B067} = {45866E74-1112-4BC9-A567-F22586381A79}
		{841DA5B0-9D3B-429D-8BE7-C68673254639} = {E9986A38-E713-4E01-91B1-FAE8434BAC02}
		{14CCC1AD-9F2C-48D1-BE11-DADC45C0E84E} = {E9986A38-E713-4E01-91B1-FAE8434BAC02}
		{2D3D0682-3959-4699-B0EA-F6E9805D9491} = {26661D42-CD6B-473D-B714-75328EF8BD88}
		{47F28E95-C931-4200-AB49-A5B58DBEC02B} = {26661D42-CD6B-473D-B714-75328EF8BD88}
		{29BC9562-B590-40B0-A9B5-97E80962150E} = {97B94931-2D82-4240-8D2F-D3AA31B08B90}
		{A80A4BDD-C26B-4210-8A4D-155DE91D015A} = {97B94931-2D82-4240-8D2F-D3AA31B08B90}
		{DADA5A3F-0B3C-45BB-BBBC-78C6716BF956} = {FB743B2F-B80E-4777-B372-E1AFAA66A480}
		{5994D945-31AF-46A7-815C-EA66F065D1A4} = {FB743B2F-B80E-4777-B372-E1AFAA66A480}
		{68C53AC0-E586-41F9-B149-E8D525A9254F} = {563F33EF-676A-4D90-AE30-4E0D1058452A}
		{1C25A958-3DDD-4BFF-AD4A-9D2D7DFE52FC} = {563F33EF-676A-4D90-AE30-4E0D1058452A}
		{F51288DD-338B-4228-BE27-B9F165BC6AC6} = {5D7CE24F-85EA-4E64-832F-5CD54145EED8}
		{1549B98E-A9DE-4675-B9BC-6150DE0B2683} = {5D7CE24F-85EA-4E64-832F-5CD54145EED8}
		{F97AAF7B-2F2A-49D1-9E95-22ECBBD9DE90} = {A8C8E641-1D7F-4C10-9FC9-88F3CAC3216E}
		{58699A4D-414B-4C5A-81FA-2257FE19175F} = {A8C8E641-1D7F-4C10-9FC9-88F3CAC3216E}
		{165AD629-F472-49B1-BAA4-BEBA192C7C2A} = {B60B96D4-8F63-45FD-91FE-6179C30614F2}
		{FEE5AD2B-FDE3-481E-99CE-6E38C3B9DAB4} = {B60B96D4-8F63-45FD-91FE-6179C30614F2}
	EndGlobalSection
EndGlobal
