
Microsoft Visual Studio Solution File, Format Version 12.00
# Visual Studio Version 16
VisualStudioVersion = 16.0.30114.105
MinimumVisualStudioVersion = 10.0.40219.1
Project("{FAE04EC0-301F-11D3-BF4B-00C04F79EFBC}") = "Runner", "Runner\Runner.csproj", "{E6DCEAE9-A4B2-4DA8-AED8-A11C5C50135E}"
EndProject
Project("{2150E333-8FDC-42A3-9474-1A3956D46DE8}") = "Utility", "Utility", "{45866E74-1112-4BC9-A567-F22586381A79}"
EndProject
Project("{FAE04EC0-301F-11D3-BF4B-00C04F79EFBC}") = "Utility", "Utility\src\Utility.csproj", "{01A64BBB-CEB1-4620-AC7B-7CC7E5067E39}"
EndProject
Project("{FAE04EC0-301F-11D3-BF4B-00C04F79EFBC}") = "Utility.Test", "Utility\test\Utility.Test.csproj", "{6528417D-950B-42E1-89AE-B1443638B067}"
EndProject
Project("{2150E333-8FDC-42A3-9474-1A3956D46DE8}") = "Day01", "Day01", "{E9986A38-E713-4E01-91B1-FAE8434BAC02}"
EndProject
Project("{FAE04EC0-301F-11D3-BF4B-00C04F79EFBC}") = "Day01", "Day01\src\Day01.csproj", "{841DA5B0-9D3B-429D-8BE7-C68673254639}"
EndProject
Project("{FAE04EC0-301F-11D3-BF4B-00C04F79EFBC}") = "Day01.Test", "Day01\test\Day01.Test.csproj", "{14CCC1AD-9F2C-48D1-BE11-DADC45C0E84E}"
EndProject
Project("{2150E333-8FDC-42A3-9474-1A3956D46DE8}") = "Day02", "Day02", "{26661D42-CD6B-473D-B714-75328EF8BD88}"
EndProject
Project("{FAE04EC0-301F-11D3-BF4B-00C04F79EFBC}") = "Day02", "Day02\src\Day02.csproj", "{2D3D0682-3959-4699-B0EA-F6E9805D9491}"
EndProject
Project("{FAE04EC0-301F-11D3-BF4B-00C04F79EFBC}") = "Day02.Test", "Day02\test\Day02.Test.csproj", "{47F28E95-C931-4200-AB49-A5B58DBEC02B}"
EndProject
Project("{2150E333-8FDC-42A3-9474-1A3956D46DE8}") = "Day03", "Day03", "{97B94931-2D82-4240-8D2F-D3AA31B08B90}"
EndProject
Project("{FAE04EC0-301F-11D3-BF4B-00C04F79EFBC}") = "Day03", "Day03\src\Day03.csproj", "{29BC9562-B590-40B0-A9B5-97E80962150E}"
EndProject
Project("{FAE04EC0-301F-11D3-BF4B-00C04F79EFBC}") = "Day03.Test", "Day03\test\Day03.Test.csproj", "{A80A4BDD-C26B-4210-8A4D-155DE91D015A}"
EndProject
Project("{2150E333-8FDC-42A3-9474-1A3956D46DE8}") = "Day04", "Day04", "{FB743B2F-B80E-4777-B372-E1AFAA66A480}"
EndProject
Project("{FAE04EC0-301F-11D3-BF4B-00C04F79EFBC}") = "Day04", "Day04\src\Day04.csproj", "{DADA5A3F-0B3C-45BB-BBBC-78C6716BF956}"
EndProject
Project("{FAE04EC0-301F-11D3-BF4B-00C04F79EFBC}") = "Day04.Test", "Day04\test\Day04.Test.csproj", "{5994D945-31AF-46A7-815C-EA66F065D1A4}"
EndProject
Project("{2150E333-8FDC-42A3-9474-1A3956D46DE8}") = "Day05", "Day05", "{563F33EF-676A-4D90-AE30-4E0D1058452A}"
EndProject
Project("{FAE04EC0-301F-11D3-BF4B-00C04F79EFBC}") = "Day05", "Day05\src\Day05.csproj", "{68C53AC0-E586-41F9-B149-E8D525A9254F}"
EndProject
Project("{FAE04EC0-301F-11D3-BF4B-00C04F79EFBC}") = "Day05.Test", "Day05\test\Day05.Test.csproj", "{1C25A958-3DDD-4BFF-AD4A-9D2D7DFE52FC}"
EndProject
Global
	GlobalSection(SolutionConfigurationPlatforms) = preSolution
		Debug|Any CPU = Debug|Any CPU
		Release|Any CPU = Release|Any CPU
	EndGlobalSection
	GlobalSection(SolutionProperties) = preSolution
		HideSolutionNode = FALSE
	EndGlobalSection
	GlobalSection(ProjectConfigurationPlatforms) = postSolution
		{E6DCEAE9-A4B2-4DA8-AED8-A11C5C50135E}.Debug|Any CPU.ActiveCfg = Debug|Any CPU
		{E6DCEAE9-A4B2-4DA8-AED8-A11C5C50135E}.Debug|Any CPU.Build.0 = Debug|Any CPU
		{E6DCEAE9-A4B2-4DA8-AED8-A11C5C50135E}.Release|Any CPU.ActiveCfg = Release|Any CPU
		{E6DCEAE9-A4B2-4DA8-AED8-A11C5C50135E}.Release|Any CPU.Build.0 = Release|Any CPU
		{01A64BBB-CEB1-4620-AC7B-7CC7E5067E39}.Debug|Any CPU.ActiveCfg = Debug|Any CPU
		{01A64BBB-CEB1-4620-AC7B-7CC7E5067E39}.Debug|Any CPU.Build.0 = Debug|Any CPU
		{01A64BBB-CEB1-4620-AC7B-7CC7E5067E39}.Release|Any CPU.ActiveCfg = Release|Any CPU
		{01A64BBB-CEB1-4620-AC7B-7CC7E5067E39}.Release|Any CPU.Build.0 = Release|Any CPU
		{6528417D-950B-42E1-89AE-B1443638B067}.Debug|Any CPU.ActiveCfg = Debug|Any CPU
		{6528417D-950B-42E1-89AE-B1443638B067}.Debug|Any CPU.Build.0 = Debug|Any CPU
		{6528417D-950B-42E1-89AE-B1443638B067}.Release|Any CPU.ActiveCfg = Release|Any CPU
		{6528417D-950B-42E1-89AE-B1443638B067}.Release|Any CPU.Build.0 = Release|Any CPU
		{841DA5B0-9D3B-429D-8BE7-C68673254639}.Debug|Any CPU.ActiveCfg = Debug|Any CPU
		{841DA5B0-9D3B-429D-8BE7-C68673254639}.Debug|Any CPU.Build.0 = Debug|Any CPU
		{841DA5B0-9D3B-429D-8BE7-C68673254639}.Release|Any CPU.ActiveCfg = Release|Any CPU
		{841DA5B0-9D3B-429D-8BE7-C68673254639}.Release|Any CPU.Build.0 = Release|Any CPU
		{14CCC1AD-9F2C-48D1-BE11-DADC45C0E84E}.Debug|Any CPU.ActiveCfg = Debug|Any CPU
		{14CCC1AD-9F2C-48D1-BE11-DADC45C0E84E}.Debug|Any CPU.Build.0 = Debug|Any CPU
		{14CCC1AD-9F2C-48D1-BE11-DADC45C0E84E}.Release|Any CPU.ActiveCfg = Release|Any CPU
		{14CCC1AD-9F2C-48D1-BE11-DADC45C0E84E}.Release|Any CPU.Build.0 = Release|Any CPU
		{2D3D0682-3959-4699-B0EA-F6E9805D9491}.Debug|Any CPU.ActiveCfg = Debug|Any CPU
		{2D3D0682-3959-4699-B0EA-F6E9805D9491}.Debug|Any CPU.Build.0 = Debug|Any CPU
		{2D3D0682-3959-4699-B0EA-F6E9805D9491}.Release|Any CPU.ActiveCfg = Release|Any CPU
		{2D3D0682-3959-4699-B0EA-F6E9805D9491}.Release|Any CPU.Build.0 = Release|Any CPU
		{47F28E95-C931-4200-AB49-A5B58DBEC02B}.Debug|Any CPU.ActiveCfg = Debug|Any CPU
		{47F28E95-C931-4200-AB49-A5B58DBEC02B}.Debug|Any CPU.Build.0 = Debug|Any CPU
		{47F28E95-C931-4200-AB49-A5B58DBEC02B}.Release|Any CPU.ActiveCfg = Release|Any CPU
		{47F28E95-C931-4200-AB49-A5B58DBEC02B}.Release|Any CPU.Build.0 = Release|Any CPU
		{29BC9562-B590-40B0-A9B5-97E80962150E}.Debug|Any CPU.ActiveCfg = Debug|Any CPU
		{29BC9562-B590-40B0-A9B5-97E80962150E}.Debug|Any CPU.Build.0 = Debug|Any CPU
		{29BC9562-B590-40B0-A9B5-97E80962150E}.Release|Any CPU.ActiveCfg = Release|Any CPU
		{29BC9562-B590-40B0-A9B5-97E80962150E}.Release|Any CPU.Build.0 = Release|Any CPU
		{A80A4BDD-C26B-4210-8A4D-155DE91D015A}.Debug|Any CPU.ActiveCfg = Debug|Any CPU
		{A80A4BDD-C26B-4210-8A4D-155DE91D015A}.Debug|Any CPU.Build.0 = Debug|Any CPU
		{A80A4BDD-C26B-4210-8A4D-155DE91D015A}.Release|Any CPU.ActiveCfg = Release|Any CPU
		{A80A4BDD-C26B-4210-8A4D-155DE91D015A}.Release|Any CPU.Build.0 = Release|Any CPU
		{DADA5A3F-0B3C-45BB-BBBC-78C6716BF956}.Debug|Any CPU.ActiveCfg = Debug|Any CPU
		{DADA5A3F-0B3C-45BB-BBBC-78C6716BF956}.Debug|Any CPU.Build.0 = Debug|Any CPU
		{DADA5A3F-0B3C-45BB-BBBC-78C6716BF956}.Release|Any CPU.ActiveCfg = Release|Any CPU
		{DADA5A3F-0B3C-45BB-BBBC-78C6716BF956}.Release|Any CPU.Build.0 = Release|Any CPU
		{5994D945-31AF-46A7-815C-EA66F065D1A4}.Debug|Any CPU.ActiveCfg = Debug|Any CPU
		{5994D945-31AF-46A7-815C-EA66F065D1A4}.Debug|Any CPU.Build.0 = Debug|Any CPU
		{5994D945-31AF-46A7-815C-EA66F065D1A4}.Release|Any CPU.ActiveCfg = Release|Any CPU
		{5994D945-31AF-46A7-815C-EA66F065D1A4}.Release|Any CPU.Build.0 = Release|Any CPU
		{68C53AC0-E586-41F9-B149-E8D525A9254F}.Debug|Any CPU.ActiveCfg = Debug|Any CPU
		{68C53AC0-E586-41F9-B149-E8D525A9254F}.Debug|Any CPU.Build.0 = Debug|Any CPU
		{68C53AC0-E586-41F9-B149-E8D525A9254F}.Release|Any CPU.ActiveCfg = Release|Any CPU
		{68C53AC0-E586-41F9-B149-E8D525A9254F}.Release|Any CPU.Build.0 = Release|Any CPU
		{1C25A958-3DDD-4BFF-AD4A-9D2D7DFE52FC}.Debug|Any CPU.ActiveCfg = Debug|Any CPU
		{1C25A958-3DDD-4BFF-AD4A-9D2D7DFE52FC}.Debug|Any CPU.Build.0 = Debug|Any CPU
		{1C25A958-3DDD-4BFF-AD4A-9D2D7DFE52FC}.Release|Any CPU.ActiveCfg = Release|Any CPU
		{1C25A958-3DDD-4BFF-AD4A-9D2D7DFE52FC}.Release|Any CPU.Build.0 = Release|Any CPU
	EndGlobalSection
	GlobalSection(NestedProjects) = preSolution
		{01A64BBB-CEB1-4620-AC7B-7CC7E5067E39} = {45866E74-1112-4BC9-A567-F22586381A79}
		{6528417D-950B-42E1-89AE-B1443638B067} = {45866E74-1112-4BC9-A567-F22586381A79}
		{841DA5B0-9D3B-429D-8BE7-C68673254639} = {E9986A38-E713-4E01-91B1-FAE8434BAC02}
		{14CCC1AD-9F2C-48D1-BE11-DADC45C0E84E} = {E9986A38-E713-4E01-91B1-FAE8434BAC02}
		{2D3D0682-3959-4699-B0EA-F6E9805D9491} = {26661D42-CD6B-473D-B714-75328EF8BD88}
		{47F28E95-C931-4200-AB49-A5B58DBEC02B} = {26661D42-CD6B-473D-B714-75328EF8BD88}
		{29BC9562-B590-40B0-A9B5-97E80962150E} = {97B94931-2D82-4240-8D2F-D3AA31B08B90}
		{A80A4BDD-C26B-4210-8A4D-155DE91D015A} = {97B94931-2D82-4240-8D2F-D3AA31B08B90}
		{DADA5A3F-0B3C-45BB-BBBC-78C6716BF956} = {FB743B2F-B80E-4777-B372-E1AFAA66A480}
		{5994D945-31AF-46A7-815C-EA66F065D1A4} = {FB743B2F-B80E-4777-B372-E1AFAA66A480}
		{68C53AC0-E586-41F9-B149-E8D525A9254F} = {563F33EF-676A-4D90-AE30-4E0D1058452A}
		{1C25A958-3DDD-4BFF-AD4A-9D2D7DFE52FC} = {563F33EF-676A-4D90-AE30-4E0D1058452A}
	EndGlobalSection
EndGlobal
